
Microsoft Visual Studio Solution File, Format Version 12.00
# Visual Studio 14
VisualStudioVersion = 14.0.25420.1
MinimumVisualStudioVersion = 10.0.40219.1
Project("{2150E333-8FDC-42A3-9474-1A3956D46DE8}") = "1.Data", "1.Data", "{7CE5BE01-8913-4082-AADB-39E85A49522F}"
EndProject
Project("{2150E333-8FDC-42A3-9474-1A3956D46DE8}") = "2.Service", "2.Service", "{6FE34779-6464-44D0-9F45-4EEC8ABF5B79}"
EndProject
Project("{2150E333-8FDC-42A3-9474-1A3956D46DE8}") = "3.Distribution", "3.Distribution", "{17E7B875-7817-449C-AB52-555DDF78FB8E}"
EndProject
Project("{2150E333-8FDC-42A3-9474-1A3956D46DE8}") = "4.Client", "4.Client", "{12E1935E-9566-4C6D-8FC0-5D920CC2B8B7}"
EndProject
Project("{FAE04EC0-301F-11D3-BF4B-00C04F79EFBC}") = "UKSync", "SyncService\UKSync.csproj", "{760F4AF4-E9F4-4820-993B-AE1BC2356DC5}"
EndProject
Project("{FAE04EC0-301F-11D3-BF4B-00C04F79EFBC}") = "DAL", "DAL\DAL.csproj", "{8C51B83E-3C11-4996-BB64-C4020C157CE3}"
EndProject
Project("{FAE04EC0-301F-11D3-BF4B-00C04F79EFBC}") = "Domain", "Domain\Domain.csproj", "{89204890-86AD-425A-9101-28432D30753A}"
EndProject
Project("{FAE04EC0-301F-11D3-BF4B-00C04F79EFBC}") = "Service", "Service\Service.csproj", "{C04D3134-7AB2-4893-8D29-34258380BA36}"
EndProject
Project("{FAE04EC0-301F-11D3-BF4B-00C04F79EFBC}") = "Distribution", "Distribution\Distribution.csproj", "{650FC1DA-7F16-4493-9D67-A81B51C46A09}"
EndProject
Project("{FAE04EC0-301F-11D3-BF4B-00C04F79EFBC}") = "CanvasSync", "CanvasSync\CanvasSync.csproj", "{E539084E-757A-41F6-93F5-54F57D99711D}"
EndProject
Project("{FAE04EC0-301F-11D3-BF4B-00C04F79EFBC}") = "MoodleSync", "MoodleSync\MoodleSync.csproj", "{9AB22B35-4709-48F6-99E9-C1957A676E9E}"
EndProject
Project("{FAE04EC0-301F-11D3-BF4B-00C04F79EFBC}") = "MoodleWS", "MoodleWS\MoodleWS.csproj", "{C1CF986B-6E5E-4316-AF4C-20BF15B2F979}"
EndProject
Global
	GlobalSection(SolutionConfigurationPlatforms) = preSolution
		Debug|Any CPU = Debug|Any CPU
		Release|Any CPU = Release|Any CPU
	EndGlobalSection
	GlobalSection(ProjectConfigurationPlatforms) = postSolution
		{760F4AF4-E9F4-4820-993B-AE1BC2356DC5}.Debug|Any CPU.ActiveCfg = Debug|Any CPU
		{760F4AF4-E9F4-4820-993B-AE1BC2356DC5}.Debug|Any CPU.Build.0 = Debug|Any CPU
		{760F4AF4-E9F4-4820-993B-AE1BC2356DC5}.Release|Any CPU.ActiveCfg = Release|Any CPU
		{760F4AF4-E9F4-4820-993B-AE1BC2356DC5}.Release|Any CPU.Build.0 = Release|Any CPU
		{8C51B83E-3C11-4996-BB64-C4020C157CE3}.Debug|Any CPU.ActiveCfg = Debug|Any CPU
		{8C51B83E-3C11-4996-BB64-C4020C157CE3}.Debug|Any CPU.Build.0 = Debug|Any CPU
		{8C51B83E-3C11-4996-BB64-C4020C157CE3}.Release|Any CPU.ActiveCfg = Release|Any CPU
		{8C51B83E-3C11-4996-BB64-C4020C157CE3}.Release|Any CPU.Build.0 = Release|Any CPU
		{89204890-86AD-425A-9101-28432D30753A}.Debug|Any CPU.ActiveCfg = Debug|Any CPU
		{89204890-86AD-425A-9101-28432D30753A}.Debug|Any CPU.Build.0 = Debug|Any CPU
		{89204890-86AD-425A-9101-28432D30753A}.Release|Any CPU.ActiveCfg = Release|Any CPU
		{89204890-86AD-425A-9101-28432D30753A}.Release|Any CPU.Build.0 = Release|Any CPU
		{C04D3134-7AB2-4893-8D29-34258380BA36}.Debug|Any CPU.ActiveCfg = Debug|Any CPU
		{C04D3134-7AB2-4893-8D29-34258380BA36}.Debug|Any CPU.Build.0 = Debug|Any CPU
		{C04D3134-7AB2-4893-8D29-34258380BA36}.Release|Any CPU.ActiveCfg = Release|Any CPU
		{C04D3134-7AB2-4893-8D29-34258380BA36}.Release|Any CPU.Build.0 = Release|Any CPU
		{650FC1DA-7F16-4493-9D67-A81B51C46A09}.Debug|Any CPU.ActiveCfg = Debug|Any CPU
		{650FC1DA-7F16-4493-9D67-A81B51C46A09}.Debug|Any CPU.Build.0 = Debug|Any CPU
		{650FC1DA-7F16-4493-9D67-A81B51C46A09}.Release|Any CPU.ActiveCfg = Release|Any CPU
		{650FC1DA-7F16-4493-9D67-A81B51C46A09}.Release|Any CPU.Build.0 = Release|Any CPU
		{E539084E-757A-41F6-93F5-54F57D99711D}.Debug|Any CPU.ActiveCfg = Debug|Any CPU
		{E539084E-757A-41F6-93F5-54F57D99711D}.Debug|Any CPU.Build.0 = Debug|Any CPU
		{E539084E-757A-41F6-93F5-54F57D99711D}.Release|Any CPU.ActiveCfg = Release|Any CPU
		{E539084E-757A-41F6-93F5-54F57D99711D}.Release|Any CPU.Build.0 = Release|Any CPU
		{9AB22B35-4709-48F6-99E9-C1957A676E9E}.Debug|Any CPU.ActiveCfg = Debug|Any CPU
		{9AB22B35-4709-48F6-99E9-C1957A676E9E}.Debug|Any CPU.Build.0 = Debug|Any CPU
		{9AB22B35-4709-48F6-99E9-C1957A676E9E}.Release|Any CPU.ActiveCfg = Release|Any CPU
		{9AB22B35-4709-48F6-99E9-C1957A676E9E}.Release|Any CPU.Build.0 = Release|Any CPU
		{C1CF986B-6E5E-4316-AF4C-20BF15B2F979}.Debug|Any CPU.ActiveCfg = Debug|Any CPU
		{C1CF986B-6E5E-4316-AF4C-20BF15B2F979}.Debug|Any CPU.Build.0 = Debug|Any CPU
		{C1CF986B-6E5E-4316-AF4C-20BF15B2F979}.Release|Any CPU.ActiveCfg = Release|Any CPU
		{C1CF986B-6E5E-4316-AF4C-20BF15B2F979}.Release|Any CPU.Build.0 = Release|Any CPU
	EndGlobalSection
	GlobalSection(SolutionProperties) = preSolution
		HideSolutionNode = FALSE
	EndGlobalSection
	GlobalSection(NestedProjects) = preSolution
		{760F4AF4-E9F4-4820-993B-AE1BC2356DC5} = {12E1935E-9566-4C6D-8FC0-5D920CC2B8B7}
		{8C51B83E-3C11-4996-BB64-C4020C157CE3} = {7CE5BE01-8913-4082-AADB-39E85A49522F}
		{89204890-86AD-425A-9101-28432D30753A} = {7CE5BE01-8913-4082-AADB-39E85A49522F}
		{C04D3134-7AB2-4893-8D29-34258380BA36} = {6FE34779-6464-44D0-9F45-4EEC8ABF5B79}
		{650FC1DA-7F16-4493-9D67-A81B51C46A09} = {17E7B875-7817-449C-AB52-555DDF78FB8E}
		{E539084E-757A-41F6-93F5-54F57D99711D} = {12E1935E-9566-4C6D-8FC0-5D920CC2B8B7}
		{9AB22B35-4709-48F6-99E9-C1957A676E9E} = {12E1935E-9566-4C6D-8FC0-5D920CC2B8B7}
		{C1CF986B-6E5E-4316-AF4C-20BF15B2F979} = {6FE34779-6464-44D0-9F45-4EEC8ABF5B79}
	EndGlobalSection
EndGlobal
